
Microsoft Visual Studio Solution File, Format Version 12.00
# Visual Studio Version 17
VisualStudioVersion = 17.14.36414.22 d17.14
MinimumVisualStudioVersion = 10.0.40219.1
Project("{FAE04EC0-301F-11D3-BF4B-00C04F79EFBC}") = "Erronka1", "Erronka1.csproj", "{F25674D3-B414-41B2-9B3F-776B3363959A}"
EndProject
Global
	GlobalSection(SolutionConfigurationPlatforms) = preSolution
		Debug|Any CPU = Debug|Any CPU
		Release|Any CPU = Release|Any CPU
	EndGlobalSection
	GlobalSection(ProjectConfigurationPlatforms) = postSolution
		{F25674D3-B414-41B2-9B3F-776B3363959A}.Debug|Any CPU.ActiveCfg = Debug|Any CPU
		{F25674D3-B414-41B2-9B3F-776B3363959A}.Debug|Any CPU.Build.0 = Debug|Any CPU
		{F25674D3-B414-41B2-9B3F-776B3363959A}.Release|Any CPU.ActiveCfg = Release|Any CPU
		{F25674D3-B414-41B2-9B3F-776B3363959A}.Release|Any CPU.Build.0 = Release|Any CPU
	EndGlobalSection
	GlobalSection(SolutionProperties) = preSolution
		HideSolutionNode = FALSE
	EndGlobalSection
	GlobalSection(ExtensibilityGlobals) = postSolution
		SolutionGuid = {A6B8E275-A699-4187-AD6C-490809F9E7F1}
	EndGlobalSection
EndGlobal
